
Microsoft Visual Studio Solution File, Format Version 12.00
# Visual Studio Version 16
VisualStudioVersion = 16.0.29728.190
MinimumVisualStudioVersion = 10.0.40219.1
Project("{9A19103F-16F7-4668-BE54-9A1E7A4F7556}") = "CsharpPlayground", "CsharpPlayground\CsharpPlayground.csproj", "{60DE4483-5ECC-4DE1-88C4-5B5260871833}"
EndProject
Project("{9A19103F-16F7-4668-BE54-9A1E7A4F7556}") = "XUnitTest", "XUnitTest\XUnitTest.csproj", "{5ED97A7A-878E-4B43-AAF9-B9596C191897}"
EndProject
Project("{9A19103F-16F7-4668-BE54-9A1E7A4F7556}") = "EFDataAccess", "EFDataAccess\EFDataAccess.csproj", "{B5C8EC41-2E9A-459A-A5A6-EFC867EDC33D}"
EndProject
Project("{9A19103F-16F7-4668-BE54-9A1E7A4F7556}") = "MvcFromTim", "MvcFromTim\MvcFromTim.csproj", "{F359BC81-927A-4DD8-9C63-60A3B831B6C2}"
EndProject
Project("{9A19103F-16F7-4668-BE54-9A1E7A4F7556}") = "efcore1", "efcore1\efcore1.csproj", "{EEEA064C-E623-4DD9-ADE9-5B5C4575A6A8}"
EndProject
Project("{9A19103F-16F7-4668-BE54-9A1E7A4F7556}") = "Blog", "Blog\Blog.csproj", "{E7649B8D-A48C-4070-8519-A67B2E4CA819}"
EndProject
Project("{9A19103F-16F7-4668-BE54-9A1E7A4F7556}") = "CmdApi", "CmdApi\CmdApi.csproj", "{5C7C750E-5F59-40F8-B7D9-C33D42D29A83}"
EndProject
Project("{9A19103F-16F7-4668-BE54-9A1E7A4F7556}") = "Commander", "Commander\Commander.csproj", "{5C60E722-30FB-4D2C-8433-351E72B90662}"
EndProject
Project("{9A19103F-16F7-4668-BE54-9A1E7A4F7556}") = "IntroductionIdentity", "IntroductionIdentity\IntroductionIdentity.csproj", "{EFEE2FA3-5751-47AD-B7FC-92D6D1ED8788}"
EndProject
Project("{9A19103F-16F7-4668-BE54-9A1E7A4F7556}") = "BasicAuth", "BasicAuth\BasicAuth.csproj", "{C55B50AB-CEB5-45FF-A8AD-EE57D3EBC1C7}"
EndProject
Project("{9A19103F-16F7-4668-BE54-9A1E7A4F7556}") = "IdentityExample", "IdentityExample\IdentityExample.csproj", "{6C5F7DAA-DF69-4152-9643-C6F3356A46B1}"
EndProject
Project("{FAE04EC0-301F-11D3-BF4B-00C04F79EFBC}") = "JWT", "JWT\JWT.csproj", "{54348032-1788-4EB8-BA6B-2D70AC851BAD}"
EndProject
Global
	GlobalSection(SolutionConfigurationPlatforms) = preSolution
		Debug|Any CPU = Debug|Any CPU
		Release|Any CPU = Release|Any CPU
	EndGlobalSection
	GlobalSection(ProjectConfigurationPlatforms) = postSolution
		{60DE4483-5ECC-4DE1-88C4-5B5260871833}.Debug|Any CPU.ActiveCfg = Debug|Any CPU
		{60DE4483-5ECC-4DE1-88C4-5B5260871833}.Debug|Any CPU.Build.0 = Debug|Any CPU
		{60DE4483-5ECC-4DE1-88C4-5B5260871833}.Release|Any CPU.ActiveCfg = Release|Any CPU
		{60DE4483-5ECC-4DE1-88C4-5B5260871833}.Release|Any CPU.Build.0 = Release|Any CPU
		{5ED97A7A-878E-4B43-AAF9-B9596C191897}.Debug|Any CPU.ActiveCfg = Debug|Any CPU
		{5ED97A7A-878E-4B43-AAF9-B9596C191897}.Debug|Any CPU.Build.0 = Debug|Any CPU
		{5ED97A7A-878E-4B43-AAF9-B9596C191897}.Release|Any CPU.ActiveCfg = Release|Any CPU
		{5ED97A7A-878E-4B43-AAF9-B9596C191897}.Release|Any CPU.Build.0 = Release|Any CPU
		{B5C8EC41-2E9A-459A-A5A6-EFC867EDC33D}.Debug|Any CPU.ActiveCfg = Debug|Any CPU
		{B5C8EC41-2E9A-459A-A5A6-EFC867EDC33D}.Debug|Any CPU.Build.0 = Debug|Any CPU
		{B5C8EC41-2E9A-459A-A5A6-EFC867EDC33D}.Release|Any CPU.ActiveCfg = Release|Any CPU
		{B5C8EC41-2E9A-459A-A5A6-EFC867EDC33D}.Release|Any CPU.Build.0 = Release|Any CPU
		{F359BC81-927A-4DD8-9C63-60A3B831B6C2}.Debug|Any CPU.ActiveCfg = Debug|Any CPU
		{F359BC81-927A-4DD8-9C63-60A3B831B6C2}.Debug|Any CPU.Build.0 = Debug|Any CPU
		{F359BC81-927A-4DD8-9C63-60A3B831B6C2}.Release|Any CPU.ActiveCfg = Release|Any CPU
		{F359BC81-927A-4DD8-9C63-60A3B831B6C2}.Release|Any CPU.Build.0 = Release|Any CPU
		{EEEA064C-E623-4DD9-ADE9-5B5C4575A6A8}.Debug|Any CPU.ActiveCfg = Debug|Any CPU
		{EEEA064C-E623-4DD9-ADE9-5B5C4575A6A8}.Debug|Any CPU.Build.0 = Debug|Any CPU
		{EEEA064C-E623-4DD9-ADE9-5B5C4575A6A8}.Release|Any CPU.ActiveCfg = Release|Any CPU
		{EEEA064C-E623-4DD9-ADE9-5B5C4575A6A8}.Release|Any CPU.Build.0 = Release|Any CPU
		{E7649B8D-A48C-4070-8519-A67B2E4CA819}.Debug|Any CPU.ActiveCfg = Debug|Any CPU
		{E7649B8D-A48C-4070-8519-A67B2E4CA819}.Debug|Any CPU.Build.0 = Debug|Any CPU
		{E7649B8D-A48C-4070-8519-A67B2E4CA819}.Release|Any CPU.ActiveCfg = Release|Any CPU
		{E7649B8D-A48C-4070-8519-A67B2E4CA819}.Release|Any CPU.Build.0 = Release|Any CPU
		{5C7C750E-5F59-40F8-B7D9-C33D42D29A83}.Debug|Any CPU.ActiveCfg = Debug|Any CPU
		{5C7C750E-5F59-40F8-B7D9-C33D42D29A83}.Debug|Any CPU.Build.0 = Debug|Any CPU
		{5C7C750E-5F59-40F8-B7D9-C33D42D29A83}.Release|Any CPU.ActiveCfg = Release|Any CPU
		{5C7C750E-5F59-40F8-B7D9-C33D42D29A83}.Release|Any CPU.Build.0 = Release|Any CPU
		{5C60E722-30FB-4D2C-8433-351E72B90662}.Debug|Any CPU.ActiveCfg = Debug|Any CPU
		{5C60E722-30FB-4D2C-8433-351E72B90662}.Debug|Any CPU.Build.0 = Debug|Any CPU
		{5C60E722-30FB-4D2C-8433-351E72B90662}.Release|Any CPU.ActiveCfg = Release|Any CPU
		{5C60E722-30FB-4D2C-8433-351E72B90662}.Release|Any CPU.Build.0 = Release|Any CPU
		{EFEE2FA3-5751-47AD-B7FC-92D6D1ED8788}.Debug|Any CPU.ActiveCfg = Debug|Any CPU
		{EFEE2FA3-5751-47AD-B7FC-92D6D1ED8788}.Debug|Any CPU.Build.0 = Debug|Any CPU
		{EFEE2FA3-5751-47AD-B7FC-92D6D1ED8788}.Release|Any CPU.ActiveCfg = Release|Any CPU
		{EFEE2FA3-5751-47AD-B7FC-92D6D1ED8788}.Release|Any CPU.Build.0 = Release|Any CPU
		{C55B50AB-CEB5-45FF-A8AD-EE57D3EBC1C7}.Debug|Any CPU.ActiveCfg = Debug|Any CPU
		{C55B50AB-CEB5-45FF-A8AD-EE57D3EBC1C7}.Debug|Any CPU.Build.0 = Debug|Any CPU
		{C55B50AB-CEB5-45FF-A8AD-EE57D3EBC1C7}.Release|Any CPU.ActiveCfg = Release|Any CPU
		{C55B50AB-CEB5-45FF-A8AD-EE57D3EBC1C7}.Release|Any CPU.Build.0 = Release|Any CPU
		{6C5F7DAA-DF69-4152-9643-C6F3356A46B1}.Debug|Any CPU.ActiveCfg = Debug|Any CPU
		{6C5F7DAA-DF69-4152-9643-C6F3356A46B1}.Debug|Any CPU.Build.0 = Debug|Any CPU
		{6C5F7DAA-DF69-4152-9643-C6F3356A46B1}.Release|Any CPU.ActiveCfg = Release|Any CPU
		{6C5F7DAA-DF69-4152-9643-C6F3356A46B1}.Release|Any CPU.Build.0 = Release|Any CPU
		{54348032-1788-4EB8-BA6B-2D70AC851BAD}.Debug|Any CPU.ActiveCfg = Debug|Any CPU
		{54348032-1788-4EB8-BA6B-2D70AC851BAD}.Debug|Any CPU.Build.0 = Debug|Any CPU
		{54348032-1788-4EB8-BA6B-2D70AC851BAD}.Release|Any CPU.ActiveCfg = Release|Any CPU
		{54348032-1788-4EB8-BA6B-2D70AC851BAD}.Release|Any CPU.Build.0 = Release|Any CPU
	EndGlobalSection
	GlobalSection(SolutionProperties) = preSolution
		HideSolutionNode = FALSE
	EndGlobalSection
	GlobalSection(ExtensibilityGlobals) = postSolution
		SolutionGuid = {D660EC30-7266-4403-995E-F8853F4B8160}
	EndGlobalSection
EndGlobal
