
Microsoft Visual Studio Solution File, Format Version 12.00
# Visual Studio Version 16
VisualStudioVersion = 16.0.29728.190
MinimumVisualStudioVersion = 10.0.40219.1
Project("{9A19103F-16F7-4668-BE54-9A1E7A4F7556}") = "CsharpPlayground", "CsharpPlayground\CsharpPlayground.csproj", "{60DE4483-5ECC-4DE1-88C4-5B5260871833}"
EndProject
Project("{FAE04EC0-301F-11D3-BF4B-00C04F79EFBC}") = "XUnitTest", "XUnitTest\XUnitTest.csproj", "{5ED97A7A-878E-4B43-AAF9-B9596C191897}"
EndProject
Global
	GlobalSection(SolutionConfigurationPlatforms) = preSolution
		Debug|Any CPU = Debug|Any CPU
		Release|Any CPU = Release|Any CPU
	EndGlobalSection
	GlobalSection(ProjectConfigurationPlatforms) = postSolution
		{60DE4483-5ECC-4DE1-88C4-5B5260871833}.Debug|Any CPU.ActiveCfg = Debug|Any CPU
		{60DE4483-5ECC-4DE1-88C4-5B5260871833}.Debug|Any CPU.Build.0 = Debug|Any CPU
		{60DE4483-5ECC-4DE1-88C4-5B5260871833}.Release|Any CPU.ActiveCfg = Release|Any CPU
		{60DE4483-5ECC-4DE1-88C4-5B5260871833}.Release|Any CPU.Build.0 = Release|Any CPU
		{5ED97A7A-878E-4B43-AAF9-B9596C191897}.Debug|Any CPU.ActiveCfg = Debug|Any CPU
		{5ED97A7A-878E-4B43-AAF9-B9596C191897}.Debug|Any CPU.Build.0 = Debug|Any CPU
		{5ED97A7A-878E-4B43-AAF9-B9596C191897}.Release|Any CPU.ActiveCfg = Release|Any CPU
		{5ED97A7A-878E-4B43-AAF9-B9596C191897}.Release|Any CPU.Build.0 = Release|Any CPU
	EndGlobalSection
	GlobalSection(SolutionProperties) = preSolution
		HideSolutionNode = FALSE
	EndGlobalSection
	GlobalSection(ExtensibilityGlobals) = postSolution
		SolutionGuid = {D660EC30-7266-4403-995E-F8853F4B8160}
	EndGlobalSection
EndGlobal
